// !$*UTF8*$!
{
	archiveVersion = 1;
	classes = {
	};
	objectVersion = 56;
	objects = {

/* Begin PBXBuildFile section */
		5121893F29F955A6005DD6C2 /* SeeSawTabView.swift in Sources */ = {isa = PBXBuildFile; fileRef = 5121893E29F955A6005DD6C2 /* SeeSawTabView.swift */; };
		5121894729F95667005DD6C2 /* MyPageView.swift in Sources */ = {isa = PBXBuildFile; fileRef = 5121894629F95667005DD6C2 /* MyPageView.swift */; };
		5121894929F9566F005DD6C2 /* ProjectView.swift in Sources */ = {isa = PBXBuildFile; fileRef = 5121894829F9566F005DD6C2 /* ProjectView.swift */; };
		5121894B29F95676005DD6C2 /* EnergyView.swift in Sources */ = {isa = PBXBuildFile; fileRef = 5121894A29F95676005DD6C2 /* EnergyView.swift */; };
		5121894D29F9567D005DD6C2 /* ValueView.swift in Sources */ = {isa = PBXBuildFile; fileRef = 5121894C29F9567D005DD6C2 /* ValueView.swift */; };
		514852F22A039C8000351A9D /* LoginView.swift in Sources */ = {isa = PBXBuildFile; fileRef = 514852F12A039C8000351A9D /* LoginView.swift */; };
		514852F52A03A61100351A9D /* AgreeTermsView.swift in Sources */ = {isa = PBXBuildFile; fileRef = 514852F42A03A61100351A9D /* AgreeTermsView.swift */; };
		514852F72A03ADF400351A9D /* UserInfoView.swift in Sources */ = {isa = PBXBuildFile; fileRef = 514852F62A03ADF400351A9D /* UserInfoView.swift */; };
		514852F92A03FBEE00351A9D /* SignUpCompletionView.swift in Sources */ = {isa = PBXBuildFile; fileRef = 514852F82A03FBEE00351A9D /* SignUpCompletionView.swift */; };
		514853012A04002E00351A9D /* ExplainValuesView.swift in Sources */ = {isa = PBXBuildFile; fileRef = 514853002A04002E00351A9D /* ExplainValuesView.swift */; };
		515E261B2A00E31B006C3FE5 /* FontExtension.swift in Sources */ = {isa = PBXBuildFile; fileRef = 515E261A2A00E31B006C3FE5 /* FontExtension.swift */; };
		515E263E2A014526006C3FE5 /* ChangeNicknameView.swift in Sources */ = {isa = PBXBuildFile; fileRef = 515E263D2A014526006C3FE5 /* ChangeNicknameView.swift */; };
		515E26402A015957006C3FE5 /* RoundedCorner.swift in Sources */ = {isa = PBXBuildFile; fileRef = 515E263F2A015957006C3FE5 /* RoundedCorner.swift */; };
		517532202A094D2400BF107D /* KeychainSwift in Frameworks */ = {isa = PBXBuildFile; productRef = 5175321F2A094D2400BF107D /* KeychainSwift */; };
		517532222A094DA400BF107D /* AuthViewModel.swift in Sources */ = {isa = PBXBuildFile; fileRef = 517532212A094DA400BF107D /* AuthViewModel.swift */; };
		5175EAC729F274E70092FE9D /* KakaoSDK in Frameworks */ = {isa = PBXBuildFile; productRef = 5175EAC629F274E70092FE9D /* KakaoSDK */; };
		5175EACC29F289200092FE9D /* KakaoAuthViewModel.swift in Sources */ = {isa = PBXBuildFile; fileRef = 5175EACB29F289200092FE9D /* KakaoAuthViewModel.swift */; };
		517AE9382A0797E70028D670 /* GifImage.swift in Sources */ = {isa = PBXBuildFile; fileRef = 517AE9372A0797E70028D670 /* GifImage.swift */; };
		517AE93B2A07987E0028D670 /* LoginImage.gif in Resources */ = {isa = PBXBuildFile; fileRef = 517AE93A2A07987E0028D670 /* LoginImage.gif */; };
		517AE93E2A079F930028D670 /* ApiClient.swift in Sources */ = {isa = PBXBuildFile; fileRef = 517AE93D2A079F930028D670 /* ApiClient.swift */; };
		517AE9432A089CE00028D670 /* AppleAuthViewModel.swift in Sources */ = {isa = PBXBuildFile; fileRef = 517AE9422A089CE00028D670 /* AppleAuthViewModel.swift */; };
		51810DAB2A03621300AF3289 /* CapsuleButtonView.swift in Sources */ = {isa = PBXBuildFile; fileRef = 51810DAA2A03621300AF3289 /* CapsuleButtonView.swift */; };
		51810DAD2A03684500AF3289 /* LogoutView.swift in Sources */ = {isa = PBXBuildFile; fileRef = 51810DAC2A03684500AF3289 /* LogoutView.swift */; };
		51810DAF2A036C6800AF3289 /* DeleteAccountView.swift in Sources */ = {isa = PBXBuildFile; fileRef = 51810DAE2A036C6800AF3289 /* DeleteAccountView.swift */; };
		51810DB12A03782400AF3289 /* SelectDeleteAccountView.swift in Sources */ = {isa = PBXBuildFile; fileRef = 51810DB02A03782400AF3289 /* SelectDeleteAccountView.swift */; };
		51A9ECB52A00DD71000E6784 /* ColorExtension.swift in Sources */ = {isa = PBXBuildFile; fileRef = 51A9ECB42A00DD71000E6784 /* ColorExtension.swift */; };
		51BA2A5F29EA8C5500071264 /* SeeSawApp.swift in Sources */ = {isa = PBXBuildFile; fileRef = 51BA2A5E29EA8C5500071264 /* SeeSawApp.swift */; };
		51BA2A6129EA8C5500071264 /* ContentView.swift in Sources */ = {isa = PBXBuildFile; fileRef = 51BA2A6029EA8C5500071264 /* ContentView.swift */; };
		51BA2A6329EA8C5600071264 /* Assets.xcassets in Resources */ = {isa = PBXBuildFile; fileRef = 51BA2A6229EA8C5600071264 /* Assets.xcassets */; };
		51BA2A6629EA8C5600071264 /* Preview Assets.xcassets in Resources */ = {isa = PBXBuildFile; fileRef = 51BA2A6529EA8C5600071264 /* Preview Assets.xcassets */; };
		51BA2A6E29EA8DEC00071264 /* .swiftlint.yml in Resources */ = {isa = PBXBuildFile; fileRef = 51BA2A6D29EA8DEC00071264 /* .swiftlint.yml */; };
		51F878D729F268220077A6C7 /* Model.swift in Sources */ = {isa = PBXBuildFile; fileRef = 51F878D629F268220077A6C7 /* Model.swift */; };
		51F878DC29F2689C0077A6C7 /* .gitignore in Resources */ = {isa = PBXBuildFile; fileRef = 51F878DB29F2689C0077A6C7 /* .gitignore */; };
		51F878DF29F269FE0077A6C7 /* (null) in Sources */ = {isa = PBXBuildFile; };
		BECC93702A03D8900099BA79 /* ValueModalView.swift in Sources */ = {isa = PBXBuildFile; fileRef = BECC936F2A03D8900099BA79 /* ValueModalView.swift */; };
		BECC93722A03D8950099BA79 /* ValueButtonView.swift in Sources */ = {isa = PBXBuildFile; fileRef = BECC93712A03D8950099BA79 /* ValueButtonView.swift */; };
/* End PBXBuildFile section */

/* Begin PBXFileReference section */
		5121893E29F955A6005DD6C2 /* SeeSawTabView.swift */ = {isa = PBXFileReference; lastKnownFileType = sourcecode.swift; path = SeeSawTabView.swift; sourceTree = "<group>"; };
		5121894629F95667005DD6C2 /* MyPageView.swift */ = {isa = PBXFileReference; lastKnownFileType = sourcecode.swift; path = MyPageView.swift; sourceTree = "<group>"; };
		5121894829F9566F005DD6C2 /* ProjectView.swift */ = {isa = PBXFileReference; lastKnownFileType = sourcecode.swift; path = ProjectView.swift; sourceTree = "<group>"; };
		5121894A29F95676005DD6C2 /* EnergyView.swift */ = {isa = PBXFileReference; lastKnownFileType = sourcecode.swift; path = EnergyView.swift; sourceTree = "<group>"; };
		5121894C29F9567D005DD6C2 /* ValueView.swift */ = {isa = PBXFileReference; lastKnownFileType = sourcecode.swift; path = ValueView.swift; sourceTree = "<group>"; };
		514852F12A039C8000351A9D /* LoginView.swift */ = {isa = PBXFileReference; lastKnownFileType = sourcecode.swift; path = LoginView.swift; sourceTree = "<group>"; };
		514852F42A03A61100351A9D /* AgreeTermsView.swift */ = {isa = PBXFileReference; lastKnownFileType = sourcecode.swift; path = AgreeTermsView.swift; sourceTree = "<group>"; };
		514852F62A03ADF400351A9D /* UserInfoView.swift */ = {isa = PBXFileReference; lastKnownFileType = sourcecode.swift; path = UserInfoView.swift; sourceTree = "<group>"; };
		514852F82A03FBEE00351A9D /* SignUpCompletionView.swift */ = {isa = PBXFileReference; lastKnownFileType = sourcecode.swift; path = SignUpCompletionView.swift; sourceTree = "<group>"; };
		514853002A04002E00351A9D /* ExplainValuesView.swift */ = {isa = PBXFileReference; lastKnownFileType = sourcecode.swift; path = ExplainValuesView.swift; sourceTree = "<group>"; };
		515E261A2A00E31B006C3FE5 /* FontExtension.swift */ = {isa = PBXFileReference; lastKnownFileType = sourcecode.swift; path = FontExtension.swift; sourceTree = "<group>"; };
		515E263D2A014526006C3FE5 /* ChangeNicknameView.swift */ = {isa = PBXFileReference; lastKnownFileType = sourcecode.swift; path = ChangeNicknameView.swift; sourceTree = "<group>"; };
		515E263F2A015957006C3FE5 /* RoundedCorner.swift */ = {isa = PBXFileReference; lastKnownFileType = sourcecode.swift; path = RoundedCorner.swift; sourceTree = "<group>"; };
		517532212A094DA400BF107D /* AuthViewModel.swift */ = {isa = PBXFileReference; lastKnownFileType = sourcecode.swift; path = AuthViewModel.swift; sourceTree = "<group>"; };
		5175EAC829F277040092FE9D /* Info.plist */ = {isa = PBXFileReference; lastKnownFileType = text.plist.xml; path = Info.plist; sourceTree = "<group>"; };
		5175EACA29F27B490092FE9D /* Config.xcconfig */ = {isa = PBXFileReference; lastKnownFileType = text.xcconfig; path = Config.xcconfig; sourceTree = "<group>"; };
		5175EACB29F289200092FE9D /* KakaoAuthViewModel.swift */ = {isa = PBXFileReference; lastKnownFileType = sourcecode.swift; path = KakaoAuthViewModel.swift; sourceTree = "<group>"; };
		517AE9372A0797E70028D670 /* GifImage.swift */ = {isa = PBXFileReference; lastKnownFileType = sourcecode.swift; path = GifImage.swift; sourceTree = "<group>"; };
		517AE93A2A07987E0028D670 /* LoginImage.gif */ = {isa = PBXFileReference; lastKnownFileType = image.gif; path = LoginImage.gif; sourceTree = "<group>"; };
		517AE93D2A079F930028D670 /* ApiClient.swift */ = {isa = PBXFileReference; lastKnownFileType = sourcecode.swift; path = ApiClient.swift; sourceTree = "<group>"; };
		517AE9422A089CE00028D670 /* AppleAuthViewModel.swift */ = {isa = PBXFileReference; lastKnownFileType = sourcecode.swift; path = AppleAuthViewModel.swift; sourceTree = "<group>"; };
		51810DAA2A03621300AF3289 /* CapsuleButtonView.swift */ = {isa = PBXFileReference; lastKnownFileType = sourcecode.swift; path = CapsuleButtonView.swift; sourceTree = "<group>"; };
		51810DAC2A03684500AF3289 /* LogoutView.swift */ = {isa = PBXFileReference; lastKnownFileType = sourcecode.swift; path = LogoutView.swift; sourceTree = "<group>"; };
		51810DAE2A036C6800AF3289 /* DeleteAccountView.swift */ = {isa = PBXFileReference; lastKnownFileType = sourcecode.swift; path = DeleteAccountView.swift; sourceTree = "<group>"; };
		51810DB02A03782400AF3289 /* SelectDeleteAccountView.swift */ = {isa = PBXFileReference; lastKnownFileType = sourcecode.swift; path = SelectDeleteAccountView.swift; sourceTree = "<group>"; };
		51A9ECB42A00DD71000E6784 /* ColorExtension.swift */ = {isa = PBXFileReference; lastKnownFileType = sourcecode.swift; path = ColorExtension.swift; sourceTree = "<group>"; };
		51BA2A5B29EA8C5500071264 /* SeeSaw.app */ = {isa = PBXFileReference; explicitFileType = wrapper.application; includeInIndex = 0; path = SeeSaw.app; sourceTree = BUILT_PRODUCTS_DIR; };
		51BA2A5E29EA8C5500071264 /* SeeSawApp.swift */ = {isa = PBXFileReference; lastKnownFileType = sourcecode.swift; path = SeeSawApp.swift; sourceTree = "<group>"; };
		51BA2A6029EA8C5500071264 /* ContentView.swift */ = {isa = PBXFileReference; lastKnownFileType = sourcecode.swift; path = ContentView.swift; sourceTree = "<group>"; };
		51BA2A6229EA8C5600071264 /* Assets.xcassets */ = {isa = PBXFileReference; lastKnownFileType = folder.assetcatalog; path = Assets.xcassets; sourceTree = "<group>"; };
		51BA2A6529EA8C5600071264 /* Preview Assets.xcassets */ = {isa = PBXFileReference; lastKnownFileType = folder.assetcatalog; path = "Preview Assets.xcassets"; sourceTree = "<group>"; };
		51BA2A6D29EA8DEC00071264 /* .swiftlint.yml */ = {isa = PBXFileReference; lastKnownFileType = text.yaml; path = .swiftlint.yml; sourceTree = "<group>"; };
		51F878D629F268220077A6C7 /* Model.swift */ = {isa = PBXFileReference; lastKnownFileType = sourcecode.swift; path = Model.swift; sourceTree = "<group>"; };
		51F878DB29F2689C0077A6C7 /* .gitignore */ = {isa = PBXFileReference; lastKnownFileType = text; path = .gitignore; sourceTree = "<group>"; };
		51F878E029F26D600077A6C7 /* SeeSaw.entitlements */ = {isa = PBXFileReference; lastKnownFileType = text.plist.entitlements; path = SeeSaw.entitlements; sourceTree = "<group>"; };
		BECC936F2A03D8900099BA79 /* ValueModalView.swift */ = {isa = PBXFileReference; fileEncoding = 4; lastKnownFileType = sourcecode.swift; path = ValueModalView.swift; sourceTree = "<group>"; };
		BECC93712A03D8950099BA79 /* ValueButtonView.swift */ = {isa = PBXFileReference; fileEncoding = 4; lastKnownFileType = sourcecode.swift; path = ValueButtonView.swift; sourceTree = "<group>"; };
/* End PBXFileReference section */

/* Begin PBXFrameworksBuildPhase section */
		51BA2A5829EA8C5500071264 /* Frameworks */ = {
			isa = PBXFrameworksBuildPhase;
			buildActionMask = 2147483647;
			files = (
				517532202A094D2400BF107D /* KeychainSwift in Frameworks */,
				5175EAC729F274E70092FE9D /* KakaoSDK in Frameworks */,
			);
			runOnlyForDeploymentPostprocessing = 0;
		};
/* End PBXFrameworksBuildPhase section */

/* Begin PBXGroup section */
		5121894029F95622005DD6C2 /* Value */ = {
			isa = PBXGroup;
			children = (
				BECC93712A03D8950099BA79 /* ValueButtonView.swift */,
				BECC936F2A03D8900099BA79 /* ValueModalView.swift */,
				5121894C29F9567D005DD6C2 /* ValueView.swift */,
			);
			path = Value;
			sourceTree = "<group>";
		};
		5121894129F9562F005DD6C2 /* Energy */ = {
			isa = PBXGroup;
			children = (
				5121894A29F95676005DD6C2 /* EnergyView.swift */,
			);
			path = Energy;
			sourceTree = "<group>";
		};
		5121894229F9563A005DD6C2 /* Project */ = {
			isa = PBXGroup;
			children = (
				5121894829F9566F005DD6C2 /* ProjectView.swift */,
			);
			path = Project;
			sourceTree = "<group>";
		};
		5121894329F9564B005DD6C2 /* MyPage */ = {
			isa = PBXGroup;
			children = (
				515E263C2A014501006C3FE5 /* Views */,
			);
			path = MyPage;
			sourceTree = "<group>";
		};
		514852FA2A03FF4900351A9D /* Login */ = {
			isa = PBXGroup;
			children = (
				514852FD2A03FF8F00351A9D /* Views */,
				5175EACB29F289200092FE9D /* KakaoAuthViewModel.swift */,
				517AE9422A089CE00028D670 /* AppleAuthViewModel.swift */,
				517532212A094DA400BF107D /* AuthViewModel.swift */,
			);
			path = Login;
			sourceTree = "<group>";
		};
		514852FB2A03FF5D00351A9D /* SignUpOnBoarding */ = {
			isa = PBXGroup;
			children = (
				514852FE2A03FFA900351A9D /* Views */,
			);
			path = SignUpOnBoarding;
			sourceTree = "<group>";
		};
		514852FC2A03FF6900351A9D /* SelectValuesOnBoarding */ = {
			isa = PBXGroup;
			children = (
				514852FF2A04001200351A9D /* Views */,
			);
			path = SelectValuesOnBoarding;
			sourceTree = "<group>";
		};
		514852FD2A03FF8F00351A9D /* Views */ = {
			isa = PBXGroup;
			children = (
				514852F12A039C8000351A9D /* LoginView.swift */,
			);
			path = Views;
			sourceTree = "<group>";
		};
		514852FE2A03FFA900351A9D /* Views */ = {
			isa = PBXGroup;
			children = (
				514852F42A03A61100351A9D /* AgreeTermsView.swift */,
				514852F62A03ADF400351A9D /* UserInfoView.swift */,
				514852F82A03FBEE00351A9D /* SignUpCompletionView.swift */,
			);
			path = Views;
			sourceTree = "<group>";
		};
		514852FF2A04001200351A9D /* Views */ = {
			isa = PBXGroup;
			children = (
				514853002A04002E00351A9D /* ExplainValuesView.swift */,
			);
			path = Views;
			sourceTree = "<group>";
		};
		515E263C2A014501006C3FE5 /* Views */ = {
			isa = PBXGroup;
			children = (
				5121894629F95667005DD6C2 /* MyPageView.swift */,
				515E263D2A014526006C3FE5 /* ChangeNicknameView.swift */,
				51810DAC2A03684500AF3289 /* LogoutView.swift */,
				51810DAE2A036C6800AF3289 /* DeleteAccountView.swift */,
				51810DB02A03782400AF3289 /* SelectDeleteAccountView.swift */,
			);
			path = Views;
			sourceTree = "<group>";
		};
		517AE9362A0797D70028D670 /* GifImage */ = {
			isa = PBXGroup;
			children = (
				517AE9392A07982A0028D670 /* GifAssets */,
				517AE9372A0797E70028D670 /* GifImage.swift */,
			);
			path = GifImage;
			sourceTree = "<group>";
		};
		517AE9392A07982A0028D670 /* GifAssets */ = {
			isa = PBXGroup;
			children = (
				517AE93A2A07987E0028D670 /* LoginImage.gif */,
			);
			path = GifAssets;
			sourceTree = "<group>";
		};
		517AE93C2A079F780028D670 /* ApiClient */ = {
			isa = PBXGroup;
			children = (
				517AE93D2A079F930028D670 /* ApiClient.swift */,
			);
			path = ApiClient;
			sourceTree = "<group>";
		};
		51810DA92A0361E300AF3289 /* Components */ = {
			isa = PBXGroup;
			children = (
				51810DAA2A03621300AF3289 /* CapsuleButtonView.swift */,
			);
			path = Components;
			sourceTree = "<group>";
		};
		51BA2A5229EA8C5400071264 = {
			isa = PBXGroup;
			children = (
				51BA2A5D29EA8C5500071264 /* SeeSaw */,
				51BA2A6D29EA8DEC00071264 /* .swiftlint.yml */,
				51F878DB29F2689C0077A6C7 /* .gitignore */,
				51BA2A5C29EA8C5500071264 /* Products */,
			);
			sourceTree = "<group>";
		};
		51BA2A5C29EA8C5500071264 /* Products */ = {
			isa = PBXGroup;
			children = (
				51BA2A5B29EA8C5500071264 /* SeeSaw.app */,
			);
			name = Products;
			sourceTree = "<group>";
		};
		51BA2A5D29EA8C5500071264 /* SeeSaw */ = {
			isa = PBXGroup;
			children = (
				5175EAC829F277040092FE9D /* Info.plist */,
				51F878E029F26D600077A6C7 /* SeeSaw.entitlements */,
				51F878D829F268250077A6C7 /* Service */,
				51F878D529F268170077A6C7 /* Model */,
				51F878D229F268030077A6C7 /* Main */,
				51CECB7629EE5708001C7832 /* Extensions */,
				51BA2A5E29EA8C5500071264 /* SeeSawApp.swift */,
				51BA2A6029EA8C5500071264 /* ContentView.swift */,
				51BA2A6229EA8C5600071264 /* Assets.xcassets */,
				51BA2A6429EA8C5600071264 /* Preview Content */,
				5175EACA29F27B490092FE9D /* Config.xcconfig */,
			);
			path = SeeSaw;
			sourceTree = "<group>";
		};
		51BA2A6429EA8C5600071264 /* Preview Content */ = {
			isa = PBXGroup;
			children = (
				51BA2A6529EA8C5600071264 /* Preview Assets.xcassets */,
			);
			path = "Preview Content";
			sourceTree = "<group>";
		};
		51CECB7629EE5708001C7832 /* Extensions */ = {
			isa = PBXGroup;
			children = (
				51A9ECB42A00DD71000E6784 /* ColorExtension.swift */,
				515E261A2A00E31B006C3FE5 /* FontExtension.swift */,
				515E263F2A015957006C3FE5 /* RoundedCorner.swift */,
			);
			path = Extensions;
			sourceTree = "<group>";
		};
		51F878D229F268030077A6C7 /* Main */ = {
			isa = PBXGroup;
			children = (
				5121893E29F955A6005DD6C2 /* SeeSawTabView.swift */,
				51810DA92A0361E300AF3289 /* Components */,
				5121894029F95622005DD6C2 /* Value */,
				5121894129F9562F005DD6C2 /* Energy */,
				5121894229F9563A005DD6C2 /* Project */,
				5121894329F9564B005DD6C2 /* MyPage */,
				51F878DD29F269E80077A6C7 /* Auth */,
			);
			path = Main;
			sourceTree = "<group>";
		};
		51F878D529F268170077A6C7 /* Model */ = {
			isa = PBXGroup;
			children = (
				51F878D629F268220077A6C7 /* Model.swift */,
			);
			path = Model;
			sourceTree = "<group>";
		};
		51F878D829F268250077A6C7 /* Service */ = {
			isa = PBXGroup;
			children = (
				517AE93C2A079F780028D670 /* ApiClient */,
				517AE9362A0797D70028D670 /* GifImage */,
			);
			path = Service;
			sourceTree = "<group>";
		};
		51F878DD29F269E80077A6C7 /* Auth */ = {
			isa = PBXGroup;
			children = (
				514852FA2A03FF4900351A9D /* Login */,
				514852FB2A03FF5D00351A9D /* SignUpOnBoarding */,
				514852FC2A03FF6900351A9D /* SelectValuesOnBoarding */,
			);
			path = Auth;
			sourceTree = "<group>";
		};
/* End PBXGroup section */

/* Begin PBXNativeTarget section */
		51BA2A5A29EA8C5500071264 /* SeeSaw */ = {
			isa = PBXNativeTarget;
			buildConfigurationList = 51BA2A6929EA8C5600071264 /* Build configuration list for PBXNativeTarget "SeeSaw" */;
			buildPhases = (
				51BA2A6C29EA8D4500071264 /* SwiftLint Script */,
				51BA2A5729EA8C5500071264 /* Sources */,
				51BA2A5829EA8C5500071264 /* Frameworks */,
				51BA2A5929EA8C5500071264 /* Resources */,
			);
			buildRules = (
			);
			dependencies = (
			);
			name = SeeSaw;
			packageProductDependencies = (
				5175EAC629F274E70092FE9D /* KakaoSDK */,
				5175321F2A094D2400BF107D /* KeychainSwift */,
			);
			productName = SeeSaw;
			productReference = 51BA2A5B29EA8C5500071264 /* SeeSaw.app */;
			productType = "com.apple.product-type.application";
		};
/* End PBXNativeTarget section */

/* Begin PBXProject section */
		51BA2A5329EA8C5500071264 /* Project object */ = {
			isa = PBXProject;
			attributes = {
				BuildIndependentTargetsInParallel = 1;
				LastSwiftUpdateCheck = 1430;
				LastUpgradeCheck = 1430;
				TargetAttributes = {
					51BA2A5A29EA8C5500071264 = {
						CreatedOnToolsVersion = 14.3;
					};
				};
			};
			buildConfigurationList = 51BA2A5629EA8C5500071264 /* Build configuration list for PBXProject "SeeSaw" */;
			compatibilityVersion = "Xcode 14.0";
			developmentRegion = en;
			hasScannedForEncodings = 0;
			knownRegions = (
				en,
				Base,
			);
			mainGroup = 51BA2A5229EA8C5400071264;
			packageReferences = (
				5175EAC529F274E70092FE9D /* XCRemoteSwiftPackageReference "kakao-ios-sdk" */,
				5175321E2A094D2400BF107D /* XCRemoteSwiftPackageReference "keychain-swift" */,
			);
			productRefGroup = 51BA2A5C29EA8C5500071264 /* Products */;
			projectDirPath = "";
			projectRoot = "";
			targets = (
				51BA2A5A29EA8C5500071264 /* SeeSaw */,
			);
		};
/* End PBXProject section */

/* Begin PBXResourcesBuildPhase section */
		51BA2A5929EA8C5500071264 /* Resources */ = {
			isa = PBXResourcesBuildPhase;
			buildActionMask = 2147483647;
			files = (
				517AE93B2A07987E0028D670 /* LoginImage.gif in Resources */,
				51F878DC29F2689C0077A6C7 /* .gitignore in Resources */,
				51BA2A6E29EA8DEC00071264 /* .swiftlint.yml in Resources */,
				51BA2A6629EA8C5600071264 /* Preview Assets.xcassets in Resources */,
				51BA2A6329EA8C5600071264 /* Assets.xcassets in Resources */,
			);
			runOnlyForDeploymentPostprocessing = 0;
		};
/* End PBXResourcesBuildPhase section */

/* Begin PBXShellScriptBuildPhase section */
		51BA2A6C29EA8D4500071264 /* SwiftLint Script */ = {
			isa = PBXShellScriptBuildPhase;
			alwaysOutOfDate = 1;
			buildActionMask = 2147483647;
			files = (
			);
			inputFileListPaths = (
			);
			inputPaths = (
			);
			name = "SwiftLint Script";
			outputFileListPaths = (
			);
			outputPaths = (
			);
			runOnlyForDeploymentPostprocessing = 0;
			shellPath = /bin/sh;
			shellScript = "export PATH=\"$PATH:/opt/homebrew/bin\"\nif which swiftlint > /dev/null; then\n  swiftlint\nelse\n  echo \"warning: SwiftLint not installed, download from https://github.com/realm/SwiftLint\"\nfi\n";
		};
/* End PBXShellScriptBuildPhase section */

/* Begin PBXSourcesBuildPhase section */
		51BA2A5729EA8C5500071264 /* Sources */ = {
			isa = PBXSourcesBuildPhase;
			buildActionMask = 2147483647;
			files = (
				5121894D29F9567D005DD6C2 /* ValueView.swift in Sources */,
				51F878DF29F269FE0077A6C7 /* (null) in Sources */,
				517AE9382A0797E70028D670 /* GifImage.swift in Sources */,
				51810DAB2A03621300AF3289 /* CapsuleButtonView.swift in Sources */,
				5121894729F95667005DD6C2 /* MyPageView.swift in Sources */,
				51BA2A6129EA8C5500071264 /* ContentView.swift in Sources */,
				5121894B29F95676005DD6C2 /* EnergyView.swift in Sources */,
				51810DB12A03782400AF3289 /* SelectDeleteAccountView.swift in Sources */,
				51BA2A5F29EA8C5500071264 /* SeeSawApp.swift in Sources */,
				514852F72A03ADF400351A9D /* UserInfoView.swift in Sources */,
				51810DAD2A03684500AF3289 /* LogoutView.swift in Sources */,
				5121893F29F955A6005DD6C2 /* SeeSawTabView.swift in Sources */,
				517AE93E2A079F930028D670 /* ApiClient.swift in Sources */,
				5121894929F9566F005DD6C2 /* ProjectView.swift in Sources */,
				BECC93702A03D8900099BA79 /* ValueModalView.swift in Sources */,
				51810DAF2A036C6800AF3289 /* DeleteAccountView.swift in Sources */,
				5175EACC29F289200092FE9D /* KakaoAuthViewModel.swift in Sources */,
				515E263E2A014526006C3FE5 /* ChangeNicknameView.swift in Sources */,
				517AE9432A089CE00028D670 /* AppleAuthViewModel.swift in Sources */,
				51F878D729F268220077A6C7 /* Model.swift in Sources */,
				515E26402A015957006C3FE5 /* RoundedCorner.swift in Sources */,
				515E261B2A00E31B006C3FE5 /* FontExtension.swift in Sources */,
				514852F22A039C8000351A9D /* LoginView.swift in Sources */,
				514852F92A03FBEE00351A9D /* SignUpCompletionView.swift in Sources */,
				517532222A094DA400BF107D /* AuthViewModel.swift in Sources */,
				51A9ECB52A00DD71000E6784 /* ColorExtension.swift in Sources */,
				514853012A04002E00351A9D /* ExplainValuesView.swift in Sources */,
				514852F52A03A61100351A9D /* AgreeTermsView.swift in Sources */,
				BECC93722A03D8950099BA79 /* ValueButtonView.swift in Sources */,
			);
			runOnlyForDeploymentPostprocessing = 0;
		};
/* End PBXSourcesBuildPhase section */

/* Begin XCBuildConfiguration section */
		51BA2A6729EA8C5600071264 /* Debug */ = {
			isa = XCBuildConfiguration;
			baseConfigurationReference = 5175EACA29F27B490092FE9D /* Config.xcconfig */;
			buildSettings = {
				ALWAYS_SEARCH_USER_PATHS = NO;
				CLANG_ANALYZER_NONNULL = YES;
				CLANG_ANALYZER_NUMBER_OBJECT_CONVERSION = YES_AGGRESSIVE;
				CLANG_CXX_LANGUAGE_STANDARD = "gnu++20";
				CLANG_ENABLE_MODULES = YES;
				CLANG_ENABLE_OBJC_ARC = YES;
				CLANG_ENABLE_OBJC_WEAK = YES;
				CLANG_WARN_BLOCK_CAPTURE_AUTORELEASING = YES;
				CLANG_WARN_BOOL_CONVERSION = YES;
				CLANG_WARN_COMMA = YES;
				CLANG_WARN_CONSTANT_CONVERSION = YES;
				CLANG_WARN_DEPRECATED_OBJC_IMPLEMENTATIONS = YES;
				CLANG_WARN_DIRECT_OBJC_ISA_USAGE = YES_ERROR;
				CLANG_WARN_DOCUMENTATION_COMMENTS = YES;
				CLANG_WARN_EMPTY_BODY = YES;
				CLANG_WARN_ENUM_CONVERSION = YES;
				CLANG_WARN_INFINITE_RECURSION = YES;
				CLANG_WARN_INT_CONVERSION = YES;
				CLANG_WARN_NON_LITERAL_NULL_CONVERSION = YES;
				CLANG_WARN_OBJC_IMPLICIT_RETAIN_SELF = YES;
				CLANG_WARN_OBJC_LITERAL_CONVERSION = YES;
				CLANG_WARN_OBJC_ROOT_CLASS = YES_ERROR;
				CLANG_WARN_QUOTED_INCLUDE_IN_FRAMEWORK_HEADER = YES;
				CLANG_WARN_RANGE_LOOP_ANALYSIS = YES;
				CLANG_WARN_STRICT_PROTOTYPES = YES;
				CLANG_WARN_SUSPICIOUS_MOVE = YES;
				CLANG_WARN_UNGUARDED_AVAILABILITY = YES_AGGRESSIVE;
				CLANG_WARN_UNREACHABLE_CODE = YES;
				CLANG_WARN__DUPLICATE_METHOD_MATCH = YES;
				COPY_PHASE_STRIP = NO;
				DEBUG_INFORMATION_FORMAT = dwarf;
				ENABLE_STRICT_OBJC_MSGSEND = YES;
				ENABLE_TESTABILITY = YES;
				GCC_C_LANGUAGE_STANDARD = gnu11;
				GCC_DYNAMIC_NO_PIC = NO;
				GCC_NO_COMMON_BLOCKS = YES;
				GCC_OPTIMIZATION_LEVEL = 0;
				GCC_PREPROCESSOR_DEFINITIONS = (
					"DEBUG=1",
					"$(inherited)",
				);
				GCC_WARN_64_TO_32_BIT_CONVERSION = YES;
				GCC_WARN_ABOUT_RETURN_TYPE = YES_ERROR;
				GCC_WARN_UNDECLARED_SELECTOR = YES;
				GCC_WARN_UNINITIALIZED_AUTOS = YES_AGGRESSIVE;
				GCC_WARN_UNUSED_FUNCTION = YES;
				GCC_WARN_UNUSED_VARIABLE = YES;
				IPHONEOS_DEPLOYMENT_TARGET = 16.4;
				MTL_ENABLE_DEBUG_INFO = INCLUDE_SOURCE;
				MTL_FAST_MATH = YES;
				ONLY_ACTIVE_ARCH = YES;
				SDKROOT = iphoneos;
				SWIFT_ACTIVE_COMPILATION_CONDITIONS = DEBUG;
				SWIFT_OPTIMIZATION_LEVEL = "-Onone";
			};
			name = Debug;
		};
		51BA2A6829EA8C5600071264 /* Release */ = {
			isa = XCBuildConfiguration;
			baseConfigurationReference = 5175EACA29F27B490092FE9D /* Config.xcconfig */;
			buildSettings = {
				ALWAYS_SEARCH_USER_PATHS = NO;
				CLANG_ANALYZER_NONNULL = YES;
				CLANG_ANALYZER_NUMBER_OBJECT_CONVERSION = YES_AGGRESSIVE;
				CLANG_CXX_LANGUAGE_STANDARD = "gnu++20";
				CLANG_ENABLE_MODULES = YES;
				CLANG_ENABLE_OBJC_ARC = YES;
				CLANG_ENABLE_OBJC_WEAK = YES;
				CLANG_WARN_BLOCK_CAPTURE_AUTORELEASING = YES;
				CLANG_WARN_BOOL_CONVERSION = YES;
				CLANG_WARN_COMMA = YES;
				CLANG_WARN_CONSTANT_CONVERSION = YES;
				CLANG_WARN_DEPRECATED_OBJC_IMPLEMENTATIONS = YES;
				CLANG_WARN_DIRECT_OBJC_ISA_USAGE = YES_ERROR;
				CLANG_WARN_DOCUMENTATION_COMMENTS = YES;
				CLANG_WARN_EMPTY_BODY = YES;
				CLANG_WARN_ENUM_CONVERSION = YES;
				CLANG_WARN_INFINITE_RECURSION = YES;
				CLANG_WARN_INT_CONVERSION = YES;
				CLANG_WARN_NON_LITERAL_NULL_CONVERSION = YES;
				CLANG_WARN_OBJC_IMPLICIT_RETAIN_SELF = YES;
				CLANG_WARN_OBJC_LITERAL_CONVERSION = YES;
				CLANG_WARN_OBJC_ROOT_CLASS = YES_ERROR;
				CLANG_WARN_QUOTED_INCLUDE_IN_FRAMEWORK_HEADER = YES;
				CLANG_WARN_RANGE_LOOP_ANALYSIS = YES;
				CLANG_WARN_STRICT_PROTOTYPES = YES;
				CLANG_WARN_SUSPICIOUS_MOVE = YES;
				CLANG_WARN_UNGUARDED_AVAILABILITY = YES_AGGRESSIVE;
				CLANG_WARN_UNREACHABLE_CODE = YES;
				CLANG_WARN__DUPLICATE_METHOD_MATCH = YES;
				COPY_PHASE_STRIP = NO;
				DEBUG_INFORMATION_FORMAT = "dwarf-with-dsym";
				ENABLE_NS_ASSERTIONS = NO;
				ENABLE_STRICT_OBJC_MSGSEND = YES;
				GCC_C_LANGUAGE_STANDARD = gnu11;
				GCC_NO_COMMON_BLOCKS = YES;
				GCC_WARN_64_TO_32_BIT_CONVERSION = YES;
				GCC_WARN_ABOUT_RETURN_TYPE = YES_ERROR;
				GCC_WARN_UNDECLARED_SELECTOR = YES;
				GCC_WARN_UNINITIALIZED_AUTOS = YES_AGGRESSIVE;
				GCC_WARN_UNUSED_FUNCTION = YES;
				GCC_WARN_UNUSED_VARIABLE = YES;
				IPHONEOS_DEPLOYMENT_TARGET = 16.4;
				MTL_ENABLE_DEBUG_INFO = NO;
				MTL_FAST_MATH = YES;
				SDKROOT = iphoneos;
				SWIFT_COMPILATION_MODE = wholemodule;
				SWIFT_OPTIMIZATION_LEVEL = "-O";
				VALIDATE_PRODUCT = YES;
			};
			name = Release;
		};
		51BA2A6A29EA8C5600071264 /* Debug */ = {
			isa = XCBuildConfiguration;
			baseConfigurationReference = 5175EACA29F27B490092FE9D /* Config.xcconfig */;
			buildSettings = {
				ASSETCATALOG_COMPILER_APPICON_NAME = AppIcon;
				ASSETCATALOG_COMPILER_GLOBAL_ACCENT_COLOR_NAME = AccentColor;
				CODE_SIGN_ENTITLEMENTS = SeeSaw/SeeSaw.entitlements;
				CODE_SIGN_STYLE = Automatic;
				CURRENT_PROJECT_VERSION = 1;
				DEVELOPMENT_ASSET_PATHS = "\"SeeSaw/Preview Content\"";
				DEVELOPMENT_TEAM = 99KH3TLG9V;
				ENABLE_PREVIEWS = YES;
				GENERATE_INFOPLIST_FILE = YES;
				INFOPLIST_FILE = SeeSaw/Info.plist;
				INFOPLIST_KEY_UIApplicationSceneManifest_Generation = YES;
				INFOPLIST_KEY_UIApplicationSupportsIndirectInputEvents = YES;
				INFOPLIST_KEY_UILaunchScreen_Generation = YES;
				INFOPLIST_KEY_UISupportedInterfaceOrientations_iPad = "UIInterfaceOrientationPortrait UIInterfaceOrientationPortraitUpsideDown UIInterfaceOrientationLandscapeLeft UIInterfaceOrientationLandscapeRight";
				INFOPLIST_KEY_UISupportedInterfaceOrientations_iPhone = "UIInterfaceOrientationPortrait UIInterfaceOrientationLandscapeLeft UIInterfaceOrientationLandscapeRight";
				INFOPLIST_KEY_UIUserInterfaceStyle = Light;
				IPHONEOS_DEPLOYMENT_TARGET = 15.0;
				LD_RUNPATH_SEARCH_PATHS = (
					"$(inherited)",
					"@executable_path/Frameworks",
				);
				MARKETING_VERSION = 1.0;
				PRODUCT_BUNDLE_IDENTIFIER = com.8attery.SeeSaw;
				PRODUCT_NAME = "$(TARGET_NAME)";
				SWIFT_EMIT_LOC_STRINGS = YES;
				SWIFT_VERSION = 5.0;
				TARGETED_DEVICE_FAMILY = "1,2";
			};
			name = Debug;
		};
		51BA2A6B29EA8C5600071264 /* Release */ = {
			isa = XCBuildConfiguration;
			baseConfigurationReference = 5175EACA29F27B490092FE9D /* Config.xcconfig */;
			buildSettings = {
				ASSETCATALOG_COMPILER_APPICON_NAME = AppIcon;
				ASSETCATALOG_COMPILER_GLOBAL_ACCENT_COLOR_NAME = AccentColor;
				CODE_SIGN_ENTITLEMENTS = SeeSaw/SeeSaw.entitlements;
				CODE_SIGN_STYLE = Automatic;
				CURRENT_PROJECT_VERSION = 1;
				DEVELOPMENT_ASSET_PATHS = "\"SeeSaw/Preview Content\"";
				DEVELOPMENT_TEAM = 99KH3TLG9V;
				ENABLE_PREVIEWS = YES;
				GENERATE_INFOPLIST_FILE = YES;
				INFOPLIST_FILE = SeeSaw/Info.plist;
				INFOPLIST_KEY_UIApplicationSceneManifest_Generation = YES;
				INFOPLIST_KEY_UIApplicationSupportsIndirectInputEvents = YES;
				INFOPLIST_KEY_UILaunchScreen_Generation = YES;
				INFOPLIST_KEY_UISupportedInterfaceOrientations_iPad = "UIInterfaceOrientationPortrait UIInterfaceOrientationPortraitUpsideDown UIInterfaceOrientationLandscapeLeft UIInterfaceOrientationLandscapeRight";
				INFOPLIST_KEY_UISupportedInterfaceOrientations_iPhone = "UIInterfaceOrientationPortrait UIInterfaceOrientationLandscapeLeft UIInterfaceOrientationLandscapeRight";
				INFOPLIST_KEY_UIUserInterfaceStyle = Light;
				IPHONEOS_DEPLOYMENT_TARGET = 15.0;
				LD_RUNPATH_SEARCH_PATHS = (
					"$(inherited)",
					"@executable_path/Frameworks",
				);
				MARKETING_VERSION = 1.0;
				PRODUCT_BUNDLE_IDENTIFIER = com.8attery.SeeSaw;
				PRODUCT_NAME = "$(TARGET_NAME)";
				SWIFT_EMIT_LOC_STRINGS = YES;
				SWIFT_VERSION = 5.0;
				TARGETED_DEVICE_FAMILY = "1,2";
			};
			name = Release;
		};
/* End XCBuildConfiguration section */

/* Begin XCConfigurationList section */
		51BA2A5629EA8C5500071264 /* Build configuration list for PBXProject "SeeSaw" */ = {
			isa = XCConfigurationList;
			buildConfigurations = (
				51BA2A6729EA8C5600071264 /* Debug */,
				51BA2A6829EA8C5600071264 /* Release */,
			);
			defaultConfigurationIsVisible = 0;
			defaultConfigurationName = Release;
		};
		51BA2A6929EA8C5600071264 /* Build configuration list for PBXNativeTarget "SeeSaw" */ = {
			isa = XCConfigurationList;
			buildConfigurations = (
				51BA2A6A29EA8C5600071264 /* Debug */,
				51BA2A6B29EA8C5600071264 /* Release */,
			);
			defaultConfigurationIsVisible = 0;
			defaultConfigurationName = Release;
		};
/* End XCConfigurationList section */

/* Begin XCRemoteSwiftPackageReference section */
		5175321E2A094D2400BF107D /* XCRemoteSwiftPackageReference "keychain-swift" */ = {
			isa = XCRemoteSwiftPackageReference;
			repositoryURL = "https://github.com/evgenyneu/keychain-swift.git";
			requirement = {
				kind = upToNextMajorVersion;
				minimumVersion = 20.0.0;
			};
		};
		5175EAC529F274E70092FE9D /* XCRemoteSwiftPackageReference "kakao-ios-sdk" */ = {
			isa = XCRemoteSwiftPackageReference;
			repositoryURL = "https://github.com/kakao/kakao-ios-sdk";
			requirement = {
				kind = upToNextMajorVersion;
				minimumVersion = 2.0.0;
			};
		};
/* End XCRemoteSwiftPackageReference section */

/* Begin XCSwiftPackageProductDependency section */
		5175321F2A094D2400BF107D /* KeychainSwift */ = {
			isa = XCSwiftPackageProductDependency;
			package = 5175321E2A094D2400BF107D /* XCRemoteSwiftPackageReference "keychain-swift" */;
			productName = KeychainSwift;
		};
		5175EAC629F274E70092FE9D /* KakaoSDK */ = {
			isa = XCSwiftPackageProductDependency;
			package = 5175EAC529F274E70092FE9D /* XCRemoteSwiftPackageReference "kakao-ios-sdk" */;
			productName = KakaoSDK;
		};
/* End XCSwiftPackageProductDependency section */
	};
	rootObject = 51BA2A5329EA8C5500071264 /* Project object */;
}
